// !$*UTF8*$!
{
	archiveVersion = 1;
	classes = {
	};
	objectVersion = 48;
	objects = {

/* Begin PBXBuildFile section */
		0118F9CE1FD5F1D4004CEB71 /* ModListTableViewController.swift in Sources */ = {isa = PBXBuildFile; fileRef = 0118F9CD1FD5F1D4004CEB71 /* ModListTableViewController.swift */; };
		0118F9D01FD5F1E4004CEB71 /* ModListTableViewCell.swift in Sources */ = {isa = PBXBuildFile; fileRef = 0118F9CF1FD5F1E4004CEB71 /* ModListTableViewCell.swift */; };
		015335151FAFB07200557474 /* ModInfoTableViewController.swift in Sources */ = {isa = PBXBuildFile; fileRef = 015335141FAFB07200557474 /* ModInfoTableViewController.swift */; };
		01B745411FAF86E50054318F /* ModInfo.swift in Sources */ = {isa = PBXBuildFile; fileRef = 01B745401FAF86E50054318F /* ModInfo.swift */; };
		01B745431FAF8E730054318F /* ModInfoTableViewCell.swift in Sources */ = {isa = PBXBuildFile; fileRef = 01B745421FAF8E730054318F /* ModInfoTableViewCell.swift */; };
		01B745451FAF98370054318F /* PercentagesView.swift in Sources */ = {isa = PBXBuildFile; fileRef = 01B745441FAF98370054318F /* PercentagesView.swift */; };
		01C3D3541FD703BC005277CD /* StatsViewController.swift in Sources */ = {isa = PBXBuildFile; fileRef = 01C3D3531FD703BC005277CD /* StatsViewController.swift */; };
		01F88B3C1FAE871000FAF8CC /* AppDelegate.swift in Sources */ = {isa = PBXBuildFile; fileRef = 01F88B3B1FAE871000FAF8CC /* AppDelegate.swift */; };
		01F88B3E1FAE871000FAF8CC /* ModInfoViewController.swift in Sources */ = {isa = PBXBuildFile; fileRef = 01F88B3D1FAE871000FAF8CC /* ModInfoViewController.swift */; };
		01F88B411FAE871000FAF8CC /* Main.storyboard in Resources */ = {isa = PBXBuildFile; fileRef = 01F88B3F1FAE871000FAF8CC /* Main.storyboard */; };
		01F88B431FAE871000FAF8CC /* Assets.xcassets in Resources */ = {isa = PBXBuildFile; fileRef = 01F88B421FAE871000FAF8CC /* Assets.xcassets */; };
		01F88B461FAE871000FAF8CC /* LaunchScreen.storyboard in Resources */ = {isa = PBXBuildFile; fileRef = 01F88B441FAE871000FAF8CC /* LaunchScreen.storyboard */; };
		01F88B511FAE871000FAF8CC /* ModRankTests.swift in Sources */ = {isa = PBXBuildFile; fileRef = 01F88B501FAE871000FAF8CC /* ModRankTests.swift */; };
		A7806EFE7C79A5926CC9FB69 /* Pods_ModRank.framework in Frameworks */ = {isa = PBXBuildFile; fileRef = 8C6226F141144876F92544C9 /* Pods_ModRank.framework */; };
		EC418DA9E4081F58EF440E31 /* Pods_ModRankTests.framework in Frameworks */ = {isa = PBXBuildFile; fileRef = EB3A0335F7B74763534BED39 /* Pods_ModRankTests.framework */; };
/* End PBXBuildFile section */

/* Begin PBXContainerItemProxy section */
		01F88B4D1FAE871000FAF8CC /* PBXContainerItemProxy */ = {
			isa = PBXContainerItemProxy;
			containerPortal = 01F88B301FAE871000FAF8CC /* Project object */;
			proxyType = 1;
			remoteGlobalIDString = 01F88B371FAE871000FAF8CC;
			remoteInfo = ModRank;
		};
/* End PBXContainerItemProxy section */

/* Begin PBXFileReference section */
		0118F9CD1FD5F1D4004CEB71 /* ModListTableViewController.swift */ = {isa = PBXFileReference; lastKnownFileType = sourcecode.swift; path = ModListTableViewController.swift; sourceTree = "<group>"; };
		0118F9CF1FD5F1E4004CEB71 /* ModListTableViewCell.swift */ = {isa = PBXFileReference; lastKnownFileType = sourcecode.swift; path = ModListTableViewCell.swift; sourceTree = "<group>"; };
		015335141FAFB07200557474 /* ModInfoTableViewController.swift */ = {isa = PBXFileReference; lastKnownFileType = sourcecode.swift; path = ModInfoTableViewController.swift; sourceTree = "<group>"; };
		01B745401FAF86E50054318F /* ModInfo.swift */ = {isa = PBXFileReference; lastKnownFileType = sourcecode.swift; path = ModInfo.swift; sourceTree = "<group>"; };
		01B745421FAF8E730054318F /* ModInfoTableViewCell.swift */ = {isa = PBXFileReference; lastKnownFileType = sourcecode.swift; path = ModInfoTableViewCell.swift; sourceTree = "<group>"; };
		01B745441FAF98370054318F /* PercentagesView.swift */ = {isa = PBXFileReference; lastKnownFileType = sourcecode.swift; path = PercentagesView.swift; sourceTree = "<group>"; };
		01C3D3531FD703BC005277CD /* StatsViewController.swift */ = {isa = PBXFileReference; lastKnownFileType = sourcecode.swift; path = StatsViewController.swift; sourceTree = "<group>"; };
		01F88B381FAE871000FAF8CC /* ModRank.app */ = {isa = PBXFileReference; explicitFileType = wrapper.application; includeInIndex = 0; path = ModRank.app; sourceTree = BUILT_PRODUCTS_DIR; };
		01F88B3B1FAE871000FAF8CC /* AppDelegate.swift */ = {isa = PBXFileReference; lastKnownFileType = sourcecode.swift; path = AppDelegate.swift; sourceTree = "<group>"; };
		01F88B3D1FAE871000FAF8CC /* ModInfoViewController.swift */ = {isa = PBXFileReference; lastKnownFileType = sourcecode.swift; path = ModInfoViewController.swift; sourceTree = "<group>"; };
		01F88B401FAE871000FAF8CC /* Base */ = {isa = PBXFileReference; lastKnownFileType = file.storyboard; name = Base; path = Base.lproj/Main.storyboard; sourceTree = "<group>"; };
		01F88B421FAE871000FAF8CC /* Assets.xcassets */ = {isa = PBXFileReference; lastKnownFileType = folder.assetcatalog; path = Assets.xcassets; sourceTree = "<group>"; };
		01F88B451FAE871000FAF8CC /* Base */ = {isa = PBXFileReference; lastKnownFileType = file.storyboard; name = Base; path = Base.lproj/LaunchScreen.storyboard; sourceTree = "<group>"; };
		01F88B471FAE871000FAF8CC /* Info.plist */ = {isa = PBXFileReference; lastKnownFileType = text.plist.xml; path = Info.plist; sourceTree = "<group>"; };
		01F88B4C1FAE871000FAF8CC /* ModRankTests.xctest */ = {isa = PBXFileReference; explicitFileType = wrapper.cfbundle; includeInIndex = 0; path = ModRankTests.xctest; sourceTree = BUILT_PRODUCTS_DIR; };
		01F88B501FAE871000FAF8CC /* ModRankTests.swift */ = {isa = PBXFileReference; lastKnownFileType = sourcecode.swift; path = ModRankTests.swift; sourceTree = "<group>"; };
		01F88B521FAE871000FAF8CC /* Info.plist */ = {isa = PBXFileReference; lastKnownFileType = text.plist.xml; path = Info.plist; sourceTree = "<group>"; };
		1EA1F153A696CC2EABAFF72C /* Pods-ModRank.debug.xcconfig */ = {isa = PBXFileReference; includeInIndex = 1; lastKnownFileType = text.xcconfig; name = "Pods-ModRank.debug.xcconfig"; path = "Pods/Target Support Files/Pods-ModRank/Pods-ModRank.debug.xcconfig"; sourceTree = "<group>"; };
		4916007B7E47936225703C39 /* Pods-ModRankTests.release.xcconfig */ = {isa = PBXFileReference; includeInIndex = 1; lastKnownFileType = text.xcconfig; name = "Pods-ModRankTests.release.xcconfig"; path = "Pods/Target Support Files/Pods-ModRankTests/Pods-ModRankTests.release.xcconfig"; sourceTree = "<group>"; };
		65988EDD9C30958CFEC9797E /* Pods-ModRankTests.debug.xcconfig */ = {isa = PBXFileReference; includeInIndex = 1; lastKnownFileType = text.xcconfig; name = "Pods-ModRankTests.debug.xcconfig"; path = "Pods/Target Support Files/Pods-ModRankTests/Pods-ModRankTests.debug.xcconfig"; sourceTree = "<group>"; };
		78F9B4ED7CFDA3B17C3489FD /* Pods-ModRank.release.xcconfig */ = {isa = PBXFileReference; includeInIndex = 1; lastKnownFileType = text.xcconfig; name = "Pods-ModRank.release.xcconfig"; path = "Pods/Target Support Files/Pods-ModRank/Pods-ModRank.release.xcconfig"; sourceTree = "<group>"; };
		8C6226F141144876F92544C9 /* Pods_ModRank.framework */ = {isa = PBXFileReference; explicitFileType = wrapper.framework; includeInIndex = 0; path = Pods_ModRank.framework; sourceTree = BUILT_PRODUCTS_DIR; };
		EB3A0335F7B74763534BED39 /* Pods_ModRankTests.framework */ = {isa = PBXFileReference; explicitFileType = wrapper.framework; includeInIndex = 0; path = Pods_ModRankTests.framework; sourceTree = BUILT_PRODUCTS_DIR; };
/* End PBXFileReference section */

/* Begin PBXFrameworksBuildPhase section */
		01F88B351FAE871000FAF8CC /* Frameworks */ = {
			isa = PBXFrameworksBuildPhase;
			buildActionMask = 2147483647;
			files = (
				A7806EFE7C79A5926CC9FB69 /* Pods_ModRank.framework in Frameworks */,
			);
			runOnlyForDeploymentPostprocessing = 0;
		};
		01F88B491FAE871000FAF8CC /* Frameworks */ = {
			isa = PBXFrameworksBuildPhase;
			buildActionMask = 2147483647;
			files = (
				EC418DA9E4081F58EF440E31 /* Pods_ModRankTests.framework in Frameworks */,
			);
			runOnlyForDeploymentPostprocessing = 0;
		};
/* End PBXFrameworksBuildPhase section */

/* Begin PBXGroup section */
		01F88B2F1FAE871000FAF8CC = {
			isa = PBXGroup;
			children = (
				01F88B3A1FAE871000FAF8CC /* ModRank */,
				01F88B4F1FAE871000FAF8CC /* ModRankTests */,
				01F88B391FAE871000FAF8CC /* Products */,
				F1555CB06A4941E9F3E1E19D /* Pods */,
				8CE83A604EA53989C8C19A5F /* Frameworks */,
			);
			sourceTree = "<group>";
		};
		01F88B391FAE871000FAF8CC /* Products */ = {
			isa = PBXGroup;
			children = (
				01F88B381FAE871000FAF8CC /* ModRank.app */,
				01F88B4C1FAE871000FAF8CC /* ModRankTests.xctest */,
			);
			name = Products;
			sourceTree = "<group>";
		};
		01F88B3A1FAE871000FAF8CC /* ModRank */ = {
			isa = PBXGroup;
			children = (
				01F88B3B1FAE871000FAF8CC /* AppDelegate.swift */,
				01F88B3D1FAE871000FAF8CC /* ModInfoViewController.swift */,
				01B745421FAF8E730054318F /* ModInfoTableViewCell.swift */,
				01F88B3F1FAE871000FAF8CC /* Main.storyboard */,
				015335141FAFB07200557474 /* ModInfoTableViewController.swift */,
				01F88B421FAE871000FAF8CC /* Assets.xcassets */,
				01F88B441FAE871000FAF8CC /* LaunchScreen.storyboard */,
				01F88B471FAE871000FAF8CC /* Info.plist */,
				01B745401FAF86E50054318F /* ModInfo.swift */,
				01B745441FAF98370054318F /* PercentagesView.swift */,
				0118F9CD1FD5F1D4004CEB71 /* ModListTableViewController.swift */,
				0118F9CF1FD5F1E4004CEB71 /* ModListTableViewCell.swift */,
				01C3D3531FD703BC005277CD /* StatsViewController.swift */,
			);
			path = ModRank;
			sourceTree = "<group>";
		};
		01F88B4F1FAE871000FAF8CC /* ModRankTests */ = {
			isa = PBXGroup;
			children = (
				01F88B501FAE871000FAF8CC /* ModRankTests.swift */,
				01F88B521FAE871000FAF8CC /* Info.plist */,
			);
			path = ModRankTests;
			sourceTree = "<group>";
		};
		8CE83A604EA53989C8C19A5F /* Frameworks */ = {
			isa = PBXGroup;
			children = (
				8C6226F141144876F92544C9 /* Pods_ModRank.framework */,
				EB3A0335F7B74763534BED39 /* Pods_ModRankTests.framework */,
			);
			name = Frameworks;
			sourceTree = "<group>";
		};
		F1555CB06A4941E9F3E1E19D /* Pods */ = {
			isa = PBXGroup;
			children = (
				1EA1F153A696CC2EABAFF72C /* Pods-ModRank.debug.xcconfig */,
				78F9B4ED7CFDA3B17C3489FD /* Pods-ModRank.release.xcconfig */,
				65988EDD9C30958CFEC9797E /* Pods-ModRankTests.debug.xcconfig */,
				4916007B7E47936225703C39 /* Pods-ModRankTests.release.xcconfig */,
			);
			name = Pods;
			sourceTree = "<group>";
		};
/* End PBXGroup section */

/* Begin PBXNativeTarget section */
		01F88B371FAE871000FAF8CC /* ModRank */ = {
			isa = PBXNativeTarget;
			buildConfigurationList = 01F88B551FAE871000FAF8CC /* Build configuration list for PBXNativeTarget "ModRank" */;
			buildPhases = (
				0F123D5617FDDB6054F755CA /* [CP] Check Pods Manifest.lock */,
				01F88B341FAE871000FAF8CC /* Sources */,
				01F88B351FAE871000FAF8CC /* Frameworks */,
				01F88B361FAE871000FAF8CC /* Resources */,
				72A3179BF1BE1CB2B303C4A8 /* [CP] Embed Pods Frameworks */,
				56A60476E01BB846D187C2D8 /* [CP] Copy Pods Resources */,
			);
			buildRules = (
			);
			dependencies = (
			);
			name = ModRank;
			productName = ModRank;
			productReference = 01F88B381FAE871000FAF8CC /* ModRank.app */;
			productType = "com.apple.product-type.application";
		};
		01F88B4B1FAE871000FAF8CC /* ModRankTests */ = {
			isa = PBXNativeTarget;
			buildConfigurationList = 01F88B581FAE871000FAF8CC /* Build configuration list for PBXNativeTarget "ModRankTests" */;
			buildPhases = (
				31727CCB6CFC91B32632D186 /* [CP] Check Pods Manifest.lock */,
				01F88B481FAE871000FAF8CC /* Sources */,
				01F88B491FAE871000FAF8CC /* Frameworks */,
				01F88B4A1FAE871000FAF8CC /* Resources */,
				1DF3657AB953A52716137828 /* [CP] Embed Pods Frameworks */,
				933E8614266898AD04883A94 /* [CP] Copy Pods Resources */,
			);
			buildRules = (
			);
			dependencies = (
				01F88B4E1FAE871000FAF8CC /* PBXTargetDependency */,
			);
			name = ModRankTests;
			productName = ModRankTests;
			productReference = 01F88B4C1FAE871000FAF8CC /* ModRankTests.xctest */;
			productType = "com.apple.product-type.bundle.unit-test";
		};
/* End PBXNativeTarget section */

/* Begin PBXProject section */
		01F88B301FAE871000FAF8CC /* Project object */ = {
			isa = PBXProject;
			attributes = {
				LastSwiftUpdateCheck = 0900;
				LastUpgradeCheck = 0900;
				ORGANIZATIONNAME = "Nick Fisher";
				TargetAttributes = {
					01F88B371FAE871000FAF8CC = {
						CreatedOnToolsVersion = 9.0;
						ProvisioningStyle = Automatic;
					};
					01F88B4B1FAE871000FAF8CC = {
						CreatedOnToolsVersion = 9.0;
						ProvisioningStyle = Automatic;
						TestTargetID = 01F88B371FAE871000FAF8CC;
					};
				};
			};
			buildConfigurationList = 01F88B331FAE871000FAF8CC /* Build configuration list for PBXProject "ModRank" */;
			compatibilityVersion = "Xcode 8.0";
			developmentRegion = en;
			hasScannedForEncodings = 0;
			knownRegions = (
				en,
				Base,
			);
			mainGroup = 01F88B2F1FAE871000FAF8CC;
			productRefGroup = 01F88B391FAE871000FAF8CC /* Products */;
			projectDirPath = "";
			projectRoot = "";
			targets = (
				01F88B371FAE871000FAF8CC /* ModRank */,
				01F88B4B1FAE871000FAF8CC /* ModRankTests */,
			);
		};
/* End PBXProject section */

/* Begin PBXResourcesBuildPhase section */
		01F88B361FAE871000FAF8CC /* Resources */ = {
			isa = PBXResourcesBuildPhase;
			buildActionMask = 2147483647;
			files = (
				01F88B461FAE871000FAF8CC /* LaunchScreen.storyboard in Resources */,
				01F88B431FAE871000FAF8CC /* Assets.xcassets in Resources */,
				01F88B411FAE871000FAF8CC /* Main.storyboard in Resources */,
			);
			runOnlyForDeploymentPostprocessing = 0;
		};
		01F88B4A1FAE871000FAF8CC /* Resources */ = {
			isa = PBXResourcesBuildPhase;
			buildActionMask = 2147483647;
			files = (
			);
			runOnlyForDeploymentPostprocessing = 0;
		};
/* End PBXResourcesBuildPhase section */

/* Begin PBXShellScriptBuildPhase section */
		0F123D5617FDDB6054F755CA /* [CP] Check Pods Manifest.lock */ = {
			isa = PBXShellScriptBuildPhase;
			buildActionMask = 2147483647;
			files = (
			);
			inputPaths = (
				"${PODS_PODFILE_DIR_PATH}/Podfile.lock",
				"${PODS_ROOT}/Manifest.lock",
			);
			name = "[CP] Check Pods Manifest.lock";
			outputPaths = (
				"$(DERIVED_FILE_DIR)/Pods-ModRank-checkManifestLockResult.txt",
			);
			runOnlyForDeploymentPostprocessing = 0;
			shellPath = /bin/sh;
			shellScript = "diff \"${PODS_PODFILE_DIR_PATH}/Podfile.lock\" \"${PODS_ROOT}/Manifest.lock\" > /dev/null\nif [ $? != 0 ] ; then\n    # print error to STDERR\n    echo \"error: The sandbox is not in sync with the Podfile.lock. Run 'pod install' or update your CocoaPods installation.\" >&2\n    exit 1\nfi\n# This output is used by Xcode 'outputs' to avoid re-running this script phase.\necho \"SUCCESS\" > \"${SCRIPT_OUTPUT_FILE_0}\"\n";
			showEnvVarsInLog = 0;
		};
		1DF3657AB953A52716137828 /* [CP] Embed Pods Frameworks */ = {
			isa = PBXShellScriptBuildPhase;
			buildActionMask = 2147483647;
			files = (
			);
			inputPaths = (
			);
			name = "[CP] Embed Pods Frameworks";
			outputPaths = (
			);
			runOnlyForDeploymentPostprocessing = 0;
			shellPath = /bin/sh;
			shellScript = "\"${SRCROOT}/Pods/Target Support Files/Pods-ModRankTests/Pods-ModRankTests-frameworks.sh\"\n";
			showEnvVarsInLog = 0;
		};
		31727CCB6CFC91B32632D186 /* [CP] Check Pods Manifest.lock */ = {
			isa = PBXShellScriptBuildPhase;
			buildActionMask = 2147483647;
			files = (
			);
			inputPaths = (
				"${PODS_PODFILE_DIR_PATH}/Podfile.lock",
				"${PODS_ROOT}/Manifest.lock",
			);
			name = "[CP] Check Pods Manifest.lock";
			outputPaths = (
				"$(DERIVED_FILE_DIR)/Pods-ModRankTests-checkManifestLockResult.txt",
			);
			runOnlyForDeploymentPostprocessing = 0;
			shellPath = /bin/sh;
			shellScript = "diff \"${PODS_PODFILE_DIR_PATH}/Podfile.lock\" \"${PODS_ROOT}/Manifest.lock\" > /dev/null\nif [ $? != 0 ] ; then\n    # print error to STDERR\n    echo \"error: The sandbox is not in sync with the Podfile.lock. Run 'pod install' or update your CocoaPods installation.\" >&2\n    exit 1\nfi\n# This output is used by Xcode 'outputs' to avoid re-running this script phase.\necho \"SUCCESS\" > \"${SCRIPT_OUTPUT_FILE_0}\"\n";
			showEnvVarsInLog = 0;
		};
		56A60476E01BB846D187C2D8 /* [CP] Copy Pods Resources */ = {
			isa = PBXShellScriptBuildPhase;
			buildActionMask = 2147483647;
			files = (
			);
			inputPaths = (
			);
			name = "[CP] Copy Pods Resources";
			outputPaths = (
			);
			runOnlyForDeploymentPostprocessing = 0;
			shellPath = /bin/sh;
			shellScript = "\"${SRCROOT}/Pods/Target Support Files/Pods-ModRank/Pods-ModRank-resources.sh\"\n";
			showEnvVarsInLog = 0;
		};
		72A3179BF1BE1CB2B303C4A8 /* [CP] Embed Pods Frameworks */ = {
			isa = PBXShellScriptBuildPhase;
			buildActionMask = 2147483647;
			files = (
			);
			inputPaths = (
				"${SRCROOT}/Pods/Target Support Files/Pods-ModRank/Pods-ModRank-frameworks.sh",
				"${BUILT_PRODUCTS_DIR}/Charts/Charts.framework",
			);
			name = "[CP] Embed Pods Frameworks";
			outputPaths = (
				"${TARGET_BUILD_DIR}/${FRAMEWORKS_FOLDER_PATH}/Charts.framework",
			);
			runOnlyForDeploymentPostprocessing = 0;
			shellPath = /bin/sh;
			shellScript = "\"${SRCROOT}/Pods/Target Support Files/Pods-ModRank/Pods-ModRank-frameworks.sh\"\n";
			showEnvVarsInLog = 0;
		};
		933E8614266898AD04883A94 /* [CP] Copy Pods Resources */ = {
			isa = PBXShellScriptBuildPhase;
			buildActionMask = 2147483647;
			files = (
			);
			inputPaths = (
			);
			name = "[CP] Copy Pods Resources";
			outputPaths = (
			);
			runOnlyForDeploymentPostprocessing = 0;
			shellPath = /bin/sh;
			shellScript = "\"${SRCROOT}/Pods/Target Support Files/Pods-ModRankTests/Pods-ModRankTests-resources.sh\"\n";
			showEnvVarsInLog = 0;
		};
/* End PBXShellScriptBuildPhase section */

/* Begin PBXSourcesBuildPhase section */
		01F88B341FAE871000FAF8CC /* Sources */ = {
			isa = PBXSourcesBuildPhase;
			buildActionMask = 2147483647;
			files = (
				01B745451FAF98370054318F /* PercentagesView.swift in Sources */,
				01B745431FAF8E730054318F /* ModInfoTableViewCell.swift in Sources */,
				01F88B3E1FAE871000FAF8CC /* ModInfoViewController.swift in Sources */,
				01B745411FAF86E50054318F /* ModInfo.swift in Sources */,
				0118F9D01FD5F1E4004CEB71 /* ModListTableViewCell.swift in Sources */,
				015335151FAFB07200557474 /* ModInfoTableViewController.swift in Sources */,
				0118F9CE1FD5F1D4004CEB71 /* ModListTableViewController.swift in Sources */,
				01C3D3541FD703BC005277CD /* StatsViewController.swift in Sources */,
				01F88B3C1FAE871000FAF8CC /* AppDelegate.swift in Sources */,
			);
			runOnlyForDeploymentPostprocessing = 0;
		};
		01F88B481FAE871000FAF8CC /* Sources */ = {
			isa = PBXSourcesBuildPhase;
			buildActionMask = 2147483647;
			files = (
				01F88B511FAE871000FAF8CC /* ModRankTests.swift in Sources */,
			);
			runOnlyForDeploymentPostprocessing = 0;
		};
/* End PBXSourcesBuildPhase section */

/* Begin PBXTargetDependency section */
		01F88B4E1FAE871000FAF8CC /* PBXTargetDependency */ = {
			isa = PBXTargetDependency;
			target = 01F88B371FAE871000FAF8CC /* ModRank */;
			targetProxy = 01F88B4D1FAE871000FAF8CC /* PBXContainerItemProxy */;
		};
/* End PBXTargetDependency section */

/* Begin PBXVariantGroup section */
		01F88B3F1FAE871000FAF8CC /* Main.storyboard */ = {
			isa = PBXVariantGroup;
			children = (
				01F88B401FAE871000FAF8CC /* Base */,
			);
			name = Main.storyboard;
			sourceTree = "<group>";
		};
		01F88B441FAE871000FAF8CC /* LaunchScreen.storyboard */ = {
			isa = PBXVariantGroup;
			children = (
				01F88B451FAE871000FAF8CC /* Base */,
			);
			name = LaunchScreen.storyboard;
			sourceTree = "<group>";
		};
/* End PBXVariantGroup section */

/* Begin XCBuildConfiguration section */
		01F88B531FAE871000FAF8CC /* Debug */ = {
			isa = XCBuildConfiguration;
			buildSettings = {
				ALWAYS_SEARCH_USER_PATHS = NO;
				CLANG_ANALYZER_NONNULL = YES;
				CLANG_ANALYZER_NUMBER_OBJECT_CONVERSION = YES_AGGRESSIVE;
				CLANG_CXX_LANGUAGE_STANDARD = "gnu++14";
				CLANG_CXX_LIBRARY = "libc++";
				CLANG_ENABLE_MODULES = YES;
				CLANG_ENABLE_OBJC_ARC = YES;
				CLANG_WARN_BLOCK_CAPTURE_AUTORELEASING = YES;
				CLANG_WARN_BOOL_CONVERSION = YES;
				CLANG_WARN_COMMA = YES;
				CLANG_WARN_CONSTANT_CONVERSION = YES;
				CLANG_WARN_DIRECT_OBJC_ISA_USAGE = YES_ERROR;
				CLANG_WARN_DOCUMENTATION_COMMENTS = YES;
				CLANG_WARN_EMPTY_BODY = YES;
				CLANG_WARN_ENUM_CONVERSION = YES;
				CLANG_WARN_INFINITE_RECURSION = YES;
				CLANG_WARN_INT_CONVERSION = YES;
				CLANG_WARN_NON_LITERAL_NULL_CONVERSION = YES;
				CLANG_WARN_OBJC_LITERAL_CONVERSION = YES;
				CLANG_WARN_OBJC_ROOT_CLASS = YES_ERROR;
				CLANG_WARN_RANGE_LOOP_ANALYSIS = YES;
				CLANG_WARN_STRICT_PROTOTYPES = YES;
				CLANG_WARN_SUSPICIOUS_MOVE = YES;
				CLANG_WARN_UNGUARDED_AVAILABILITY = YES_AGGRESSIVE;
				CLANG_WARN_UNREACHABLE_CODE = YES;
				CLANG_WARN__DUPLICATE_METHOD_MATCH = YES;
				CODE_SIGN_IDENTITY = "iPhone Developer";
				COPY_PHASE_STRIP = NO;
				DEBUG_INFORMATION_FORMAT = dwarf;
				ENABLE_STRICT_OBJC_MSGSEND = YES;
				ENABLE_TESTABILITY = YES;
				GCC_C_LANGUAGE_STANDARD = gnu11;
				GCC_DYNAMIC_NO_PIC = NO;
				GCC_NO_COMMON_BLOCKS = YES;
				GCC_OPTIMIZATION_LEVEL = 0;
				GCC_PREPROCESSOR_DEFINITIONS = (
					"DEBUG=1",
					"$(inherited)",
				);
				GCC_WARN_64_TO_32_BIT_CONVERSION = YES;
				GCC_WARN_ABOUT_RETURN_TYPE = YES_ERROR;
				GCC_WARN_UNDECLARED_SELECTOR = YES;
				GCC_WARN_UNINITIALIZED_AUTOS = YES_AGGRESSIVE;
				GCC_WARN_UNUSED_FUNCTION = YES;
				GCC_WARN_UNUSED_VARIABLE = YES;
				IPHONEOS_DEPLOYMENT_TARGET = 11.0;
				MTL_ENABLE_DEBUG_INFO = YES;
				ONLY_ACTIVE_ARCH = YES;
				SDKROOT = iphoneos;
				SWIFT_ACTIVE_COMPILATION_CONDITIONS = DEBUG;
				SWIFT_OPTIMIZATION_LEVEL = "-Onone";
			};
			name = Debug;
		};
		01F88B541FAE871000FAF8CC /* Release */ = {
			isa = XCBuildConfiguration;
			buildSettings = {
				ALWAYS_SEARCH_USER_PATHS = NO;
				CLANG_ANALYZER_NONNULL = YES;
				CLANG_ANALYZER_NUMBER_OBJECT_CONVERSION = YES_AGGRESSIVE;
				CLANG_CXX_LANGUAGE_STANDARD = "gnu++14";
				CLANG_CXX_LIBRARY = "libc++";
				CLANG_ENABLE_MODULES = YES;
				CLANG_ENABLE_OBJC_ARC = YES;
				CLANG_WARN_BLOCK_CAPTURE_AUTORELEASING = YES;
				CLANG_WARN_BOOL_CONVERSION = YES;
				CLANG_WARN_COMMA = YES;
				CLANG_WARN_CONSTANT_CONVERSION = YES;
				CLANG_WARN_DIRECT_OBJC_ISA_USAGE = YES_ERROR;
				CLANG_WARN_DOCUMENTATION_COMMENTS = YES;
				CLANG_WARN_EMPTY_BODY = YES;
				CLANG_WARN_ENUM_CONVERSION = YES;
				CLANG_WARN_INFINITE_RECURSION = YES;
				CLANG_WARN_INT_CONVERSION = YES;
				CLANG_WARN_NON_LITERAL_NULL_CONVERSION = YES;
				CLANG_WARN_OBJC_LITERAL_CONVERSION = YES;
				CLANG_WARN_OBJC_ROOT_CLASS = YES_ERROR;
				CLANG_WARN_RANGE_LOOP_ANALYSIS = YES;
				CLANG_WARN_STRICT_PROTOTYPES = YES;
				CLANG_WARN_SUSPICIOUS_MOVE = YES;
				CLANG_WARN_UNGUARDED_AVAILABILITY = YES_AGGRESSIVE;
				CLANG_WARN_UNREACHABLE_CODE = YES;
				CLANG_WARN__DUPLICATE_METHOD_MATCH = YES;
				CODE_SIGN_IDENTITY = "iPhone Developer";
				COPY_PHASE_STRIP = NO;
				DEBUG_INFORMATION_FORMAT = "dwarf-with-dsym";
				ENABLE_NS_ASSERTIONS = NO;
				ENABLE_STRICT_OBJC_MSGSEND = YES;
				GCC_C_LANGUAGE_STANDARD = gnu11;
				GCC_NO_COMMON_BLOCKS = YES;
				GCC_WARN_64_TO_32_BIT_CONVERSION = YES;
				GCC_WARN_ABOUT_RETURN_TYPE = YES_ERROR;
				GCC_WARN_UNDECLARED_SELECTOR = YES;
				GCC_WARN_UNINITIALIZED_AUTOS = YES_AGGRESSIVE;
				GCC_WARN_UNUSED_FUNCTION = YES;
				GCC_WARN_UNUSED_VARIABLE = YES;
				IPHONEOS_DEPLOYMENT_TARGET = 11.0;
				MTL_ENABLE_DEBUG_INFO = NO;
				SDKROOT = iphoneos;
				SWIFT_OPTIMIZATION_LEVEL = "-Owholemodule";
				VALIDATE_PRODUCT = YES;
			};
			name = Release;
		};
		01F88B561FAE871000FAF8CC /* Debug */ = {
			isa = XCBuildConfiguration;
			baseConfigurationReference = 1EA1F153A696CC2EABAFF72C /* Pods-ModRank.debug.xcconfig */;
			buildSettings = {
				ASSETCATALOG_COMPILER_APPICON_NAME = AppIcon;
				CODE_SIGN_STYLE = Automatic;
				INFOPLIST_FILE = ModRank/Info.plist;
				LD_RUNPATH_SEARCH_PATHS = "$(inherited) @executable_path/Frameworks";
				PRODUCT_BUNDLE_IDENTIFIER = com.nifisher.ModRank;
				PRODUCT_NAME = "$(TARGET_NAME)";
				SWIFT_VERSION = 4.0;
				TARGETED_DEVICE_FAMILY = "1,2";
			};
			name = Debug;
		};
		01F88B571FAE871000FAF8CC /* Release */ = {
			isa = XCBuildConfiguration;
			baseConfigurationReference = 78F9B4ED7CFDA3B17C3489FD /* Pods-ModRank.release.xcconfig */;
			buildSettings = {
				ASSETCATALOG_COMPILER_APPICON_NAME = AppIcon;
				CODE_SIGN_STYLE = Automatic;
				INFOPLIST_FILE = ModRank/Info.plist;
				LD_RUNPATH_SEARCH_PATHS = "$(inherited) @executable_path/Frameworks";
				PRODUCT_BUNDLE_IDENTIFIER = com.nifisher.ModRank;
				PRODUCT_NAME = "$(TARGET_NAME)";
				SWIFT_VERSION = 4.0;
				TARGETED_DEVICE_FAMILY = "1,2";
			};
			name = Release;
		};
		01F88B591FAE871000FAF8CC /* Debug */ = {
			isa = XCBuildConfiguration;
			baseConfigurationReference = 65988EDD9C30958CFEC9797E /* Pods-ModRankTests.debug.xcconfig */;
			buildSettings = {
				ALWAYS_EMBED_SWIFT_STANDARD_LIBRARIES = YES;
				BUNDLE_LOADER = "$(TEST_HOST)";
				CODE_SIGN_STYLE = Automatic;
				INFOPLIST_FILE = ModRankTests/Info.plist;
				LD_RUNPATH_SEARCH_PATHS = "$(inherited) @executable_path/Frameworks @loader_path/Frameworks";
				PRODUCT_BUNDLE_IDENTIFIER = com.nifisher.ModRankTests;
				PRODUCT_NAME = "$(TARGET_NAME)";
				SWIFT_VERSION = 4.0;
				TARGETED_DEVICE_FAMILY = "1,2";
				TEST_HOST = "$(BUILT_PRODUCTS_DIR)/ModRank.app/ModRank";
			};
			name = Debug;
		};
		01F88B5A1FAE871000FAF8CC /* Release */ = {
			isa = XCBuildConfiguration;
			baseConfigurationReference = 4916007B7E47936225703C39 /* Pods-ModRankTests.release.xcconfig */;
			buildSettings = {
				ALWAYS_EMBED_SWIFT_STANDARD_LIBRARIES = YES;
				BUNDLE_LOADER = "$(TEST_HOST)";
				CODE_SIGN_STYLE = Automatic;
				INFOPLIST_FILE = ModRankTests/Info.plist;
				LD_RUNPATH_SEARCH_PATHS = "$(inherited) @executable_path/Frameworks @loader_path/Frameworks";
				PRODUCT_BUNDLE_IDENTIFIER = com.nifisher.ModRankTests;
				PRODUCT_NAME = "$(TARGET_NAME)";
				SWIFT_VERSION = 4.0;
				TARGETED_DEVICE_FAMILY = "1,2";
				TEST_HOST = "$(BUILT_PRODUCTS_DIR)/ModRank.app/ModRank";
			};
			name = Release;
		};
/* End XCBuildConfiguration section */

/* Begin XCConfigurationList section */
		01F88B331FAE871000FAF8CC /* Build configuration list for PBXProject "ModRank" */ = {
			isa = XCConfigurationList;
			buildConfigurations = (
				01F88B531FAE871000FAF8CC /* Debug */,
				01F88B541FAE871000FAF8CC /* Release */,
			);
			defaultConfigurationIsVisible = 0;
			defaultConfigurationName = Release;
		};
		01F88B551FAE871000FAF8CC /* Build configuration list for PBXNativeTarget "ModRank" */ = {
			isa = XCConfigurationList;
			buildConfigurations = (
				01F88B561FAE871000FAF8CC /* Debug */,
				01F88B571FAE871000FAF8CC /* Release */,
			);
			defaultConfigurationIsVisible = 0;
			defaultConfigurationName = Release;
		};
		01F88B581FAE871000FAF8CC /* Build configuration list for PBXNativeTarget "ModRankTests" */ = {
			isa = XCConfigurationList;
			buildConfigurations = (
				01F88B591FAE871000FAF8CC /* Debug */,
				01F88B5A1FAE871000FAF8CC /* Release */,
			);
			defaultConfigurationIsVisible = 0;
			defaultConfigurationName = Release;
		};
/* End XCConfigurationList section */
	};
	rootObject = 01F88B301FAE871000FAF8CC /* Project object */;
}
